
Microsoft Visual Studio Solution File, Format Version 12.00
# Visual Studio Version 17
VisualStudioVersion = 17.0.31903.59
MinimumVisualStudioVersion = 10.0.40219.1
Project("{2150E333-8FDC-42A3-9474-1A3956D46DE8}") = "Bootstrapper", "Bootstrapper", "{5310A871-B8F0-0791-A052-C8A19D59FF82}"
EndProject
Project("{FAE04EC0-301F-11D3-BF4B-00C04F79EFBC}") = "Api", "Bootstrapper\Api\Api.csproj", "{3CDAE76F-ED96-44DC-BB1A-564594B5DB48}"
EndProject
Project("{2150E333-8FDC-42A3-9474-1A3956D46DE8}") = "Modules", "Modules", "{CA253913-39DE-BFD0-C9A3-4B7EC6FBDF17}"
EndProject
Project("{2150E333-8FDC-42A3-9474-1A3956D46DE8}") = "Basket", "Basket", "{F3641347-575C-25D8-9B5A-9F596AE29D95}"
EndProject
Project("{FAE04EC0-301F-11D3-BF4B-00C04F79EFBC}") = "Basket", "Modules\Basket\Basket\Basket.csproj", "{FD7B0B40-75DD-4DB7-8739-EF5ADC31F86F}"
EndProject
Project("{2150E333-8FDC-42A3-9474-1A3956D46DE8}") = "Catalog", "Catalog", "{729B03C7-1C3E-5EDD-EDB4-38F58E22BDF1}"
EndProject
Project("{FAE04EC0-301F-11D3-BF4B-00C04F79EFBC}") = "Catalog", "Modules\Catalog\Catalog\Catalog.csproj", "{D0E491BE-665A-4757-A217-2D93759D2D7E}"
EndProject
Project("{2150E333-8FDC-42A3-9474-1A3956D46DE8}") = "Ordering", "Ordering", "{27F90384-215D-F033-2E44-812BACF6D1B0}"
EndProject
Project("{FAE04EC0-301F-11D3-BF4B-00C04F79EFBC}") = "Ordering", "Modules\Ordering\Ordering\Ordering.csproj", "{9D8D1DD1-27FB-4EFA-87A4-50167E9F2469}"
EndProject
Project("{2150E333-8FDC-42A3-9474-1A3956D46DE8}") = "Shared", "Shared", "{4F52FD11-658E-A102-6CD3-7D7C16FFA15B}"
EndProject
Project("{FAE04EC0-301F-11D3-BF4B-00C04F79EFBC}") = "Shared", "Shared\Shared\Shared.csproj", "{99A0BDC5-631A-4337-8F8A-D3ED9AED1D52}"
EndProject
Global
	GlobalSection(SolutionConfigurationPlatforms) = preSolution
		Debug|Any CPU = Debug|Any CPU
		Debug|x64 = Debug|x64
		Debug|x86 = Debug|x86
		Release|Any CPU = Release|Any CPU
		Release|x64 = Release|x64
		Release|x86 = Release|x86
	EndGlobalSection
	GlobalSection(ProjectConfigurationPlatforms) = postSolution
		{3CDAE76F-ED96-44DC-BB1A-564594B5DB48}.Debug|Any CPU.ActiveCfg = Debug|Any CPU
		{3CDAE76F-ED96-44DC-BB1A-564594B5DB48}.Debug|Any CPU.Build.0 = Debug|Any CPU
		{3CDAE76F-ED96-44DC-BB1A-564594B5DB48}.Debug|x64.ActiveCfg = Debug|Any CPU
		{3CDAE76F-ED96-44DC-BB1A-564594B5DB48}.Debug|x64.Build.0 = Debug|Any CPU
		{3CDAE76F-ED96-44DC-BB1A-564594B5DB48}.Debug|x86.ActiveCfg = Debug|Any CPU
		{3CDAE76F-ED96-44DC-BB1A-564594B5DB48}.Debug|x86.Build.0 = Debug|Any CPU
		{3CDAE76F-ED96-44DC-BB1A-564594B5DB48}.Release|Any CPU.ActiveCfg = Release|Any CPU
		{3CDAE76F-ED96-44DC-BB1A-564594B5DB48}.Release|Any CPU.Build.0 = Release|Any CPU
		{3CDAE76F-ED96-44DC-BB1A-564594B5DB48}.Release|x64.ActiveCfg = Release|Any CPU
		{3CDAE76F-ED96-44DC-BB1A-564594B5DB48}.Release|x64.Build.0 = Release|Any CPU
		{3CDAE76F-ED96-44DC-BB1A-564594B5DB48}.Release|x86.ActiveCfg = Release|Any CPU
		{3CDAE76F-ED96-44DC-BB1A-564594B5DB48}.Release|x86.Build.0 = Release|Any CPU
		{FD7B0B40-75DD-4DB7-8739-EF5ADC31F86F}.Debug|Any CPU.ActiveCfg = Debug|Any CPU
		{FD7B0B40-75DD-4DB7-8739-EF5ADC31F86F}.Debug|Any CPU.Build.0 = Debug|Any CPU
		{FD7B0B40-75DD-4DB7-8739-EF5ADC31F86F}.Debug|x64.ActiveCfg = Debug|Any CPU
		{FD7B0B40-75DD-4DB7-8739-EF5ADC31F86F}.Debug|x64.Build.0 = Debug|Any CPU
		{FD7B0B40-75DD-4DB7-8739-EF5ADC31F86F}.Debug|x86.ActiveCfg = Debug|Any CPU
		{FD7B0B40-75DD-4DB7-8739-EF5ADC31F86F}.Debug|x86.Build.0 = Debug|Any CPU
		{FD7B0B40-75DD-4DB7-8739-EF5ADC31F86F}.Release|Any CPU.ActiveCfg = Release|Any CPU
		{FD7B0B40-75DD-4DB7-8739-EF5ADC31F86F}.Release|Any CPU.Build.0 = Release|Any CPU
		{FD7B0B40-75DD-4DB7-8739-EF5ADC31F86F}.Release|x64.ActiveCfg = Release|Any CPU
		{FD7B0B40-75DD-4DB7-8739-EF5ADC31F86F}.Release|x64.Build.0 = Release|Any CPU
		{FD7B0B40-75DD-4DB7-8739-EF5ADC31F86F}.Release|x86.ActiveCfg = Release|Any CPU
		{FD7B0B40-75DD-4DB7-8739-EF5ADC31F86F}.Release|x86.Build.0 = Release|Any CPU
		{D0E491BE-665A-4757-A217-2D93759D2D7E}.Debug|Any CPU.ActiveCfg = Debug|Any CPU
		{D0E491BE-665A-4757-A217-2D93759D2D7E}.Debug|Any CPU.Build.0 = Debug|Any CPU
		{D0E491BE-665A-4757-A217-2D93759D2D7E}.Debug|x64.ActiveCfg = Debug|Any CPU
		{D0E491BE-665A-4757-A217-2D93759D2D7E}.Debug|x64.Build.0 = Debug|Any CPU
		{D0E491BE-665A-4757-A217-2D93759D2D7E}.Debug|x86.ActiveCfg = Debug|Any CPU
		{D0E491BE-665A-4757-A217-2D93759D2D7E}.Debug|x86.Build.0 = Debug|Any CPU
		{D0E491BE-665A-4757-A217-2D93759D2D7E}.Release|Any CPU.ActiveCfg = Release|Any CPU
		{D0E491BE-665A-4757-A217-2D93759D2D7E}.Release|Any CPU.Build.0 = Release|Any CPU
		{D0E491BE-665A-4757-A217-2D93759D2D7E}.Release|x64.ActiveCfg = Release|Any CPU
		{D0E491BE-665A-4757-A217-2D93759D2D7E}.Release|x64.Build.0 = Release|Any CPU
		{D0E491BE-665A-4757-A217-2D93759D2D7E}.Release|x86.ActiveCfg = Release|Any CPU
		{D0E491BE-665A-4757-A217-2D93759D2D7E}.Release|x86.Build.0 = Release|Any CPU
		{9D8D1DD1-27FB-4EFA-87A4-50167E9F2469}.Debug|Any CPU.ActiveCfg = Debug|Any CPU
		{9D8D1DD1-27FB-4EFA-87A4-50167E9F2469}.Debug|Any CPU.Build.0 = Debug|Any CPU
		{9D8D1DD1-27FB-4EFA-87A4-50167E9F2469}.Debug|x64.ActiveCfg = Debug|Any CPU
		{9D8D1DD1-27FB-4EFA-87A4-50167E9F2469}.Debug|x64.Build.0 = Debug|Any CPU
		{9D8D1DD1-27FB-4EFA-87A4-50167E9F2469}.Debug|x86.ActiveCfg = Debug|Any CPU
		{9D8D1DD1-27FB-4EFA-87A4-50167E9F2469}.Debug|x86.Build.0 = Debug|Any CPU
		{9D8D1DD1-27FB-4EFA-87A4-50167E9F2469}.Release|Any CPU.ActiveCfg = Release|Any CPU
		{9D8D1DD1-27FB-4EFA-87A4-50167E9F2469}.Release|Any CPU.Build.0 = Release|Any CPU
		{9D8D1DD1-27FB-4EFA-87A4-50167E9F2469}.Release|x64.ActiveCfg = Release|Any CPU
		{9D8D1DD1-27FB-4EFA-87A4-50167E9F2469}.Release|x64.Build.0 = Release|Any CPU
		{9D8D1DD1-27FB-4EFA-87A4-50167E9F2469}.Release|x86.ActiveCfg = Release|Any CPU
		{9D8D1DD1-27FB-4EFA-87A4-50167E9F2469}.Release|x86.Build.0 = Release|Any CPU
		{99A0BDC5-631A-4337-8F8A-D3ED9AED1D52}.Debug|Any CPU.ActiveCfg = Debug|Any CPU
		{99A0BDC5-631A-4337-8F8A-D3ED9AED1D52}.Debug|Any CPU.Build.0 = Debug|Any CPU
		{99A0BDC5-631A-4337-8F8A-D3ED9AED1D52}.Debug|x64.ActiveCfg = Debug|Any CPU
		{99A0BDC5-631A-4337-8F8A-D3ED9AED1D52}.Debug|x64.Build.0 = Debug|Any CPU
		{99A0BDC5-631A-4337-8F8A-D3ED9AED1D52}.Debug|x86.ActiveCfg = Debug|Any CPU
		{99A0BDC5-631A-4337-8F8A-D3ED9AED1D52}.Debug|x86.Build.0 = Debug|Any CPU
		{99A0BDC5-631A-4337-8F8A-D3ED9AED1D52}.Release|Any CPU.ActiveCfg = Release|Any CPU
		{99A0BDC5-631A-4337-8F8A-D3ED9AED1D52}.Release|Any CPU.Build.0 = Release|Any CPU
		{99A0BDC5-631A-4337-8F8A-D3ED9AED1D52}.Release|x64.ActiveCfg = Release|Any CPU
		{99A0BDC5-631A-4337-8F8A-D3ED9AED1D52}.Release|x64.Build.0 = Release|Any CPU
		{99A0BDC5-631A-4337-8F8A-D3ED9AED1D52}.Release|x86.ActiveCfg = Release|Any CPU
		{99A0BDC5-631A-4337-8F8A-D3ED9AED1D52}.Release|x86.Build.0 = Release|Any CPU
	EndGlobalSection
	GlobalSection(SolutionProperties) = preSolution
		HideSolutionNode = FALSE
	EndGlobalSection
	GlobalSection(NestedProjects) = preSolution
		{3CDAE76F-ED96-44DC-BB1A-564594B5DB48} = {5310A871-B8F0-0791-A052-C8A19D59FF82}
		{F3641347-575C-25D8-9B5A-9F596AE29D95} = {CA253913-39DE-BFD0-C9A3-4B7EC6FBDF17}
		{FD7B0B40-75DD-4DB7-8739-EF5ADC31F86F} = {F3641347-575C-25D8-9B5A-9F596AE29D95}
		{729B03C7-1C3E-5EDD-EDB4-38F58E22BDF1} = {CA253913-39DE-BFD0-C9A3-4B7EC6FBDF17}
		{D0E491BE-665A-4757-A217-2D93759D2D7E} = {729B03C7-1C3E-5EDD-EDB4-38F58E22BDF1}
		{27F90384-215D-F033-2E44-812BACF6D1B0} = {CA253913-39DE-BFD0-C9A3-4B7EC6FBDF17}
		{9D8D1DD1-27FB-4EFA-87A4-50167E9F2469} = {27F90384-215D-F033-2E44-812BACF6D1B0}
		{99A0BDC5-631A-4337-8F8A-D3ED9AED1D52} = {4F52FD11-658E-A102-6CD3-7D7C16FFA15B}
	EndGlobalSection
EndGlobal
